// !$*UTF8*$!
{
	archiveVersion = 1;
	classes = {
	};
	objectVersion = 50;
	objects = {

/* Begin PBXBuildFile section */
		E2FED98E232AAC7C005F8C02 /* AppDelegate.swift in Sources */ = {isa = PBXBuildFile; fileRef = E2FED98D232AAC7C005F8C02 /* AppDelegate.swift */; };
		E2FED990232AAC7C005F8C02 /* ViewController.swift in Sources */ = {isa = PBXBuildFile; fileRef = E2FED98F232AAC7C005F8C02 /* ViewController.swift */; };
		E2FED993232AAC7C005F8C02 /* Main.storyboard in Resources */ = {isa = PBXBuildFile; fileRef = E2FED991232AAC7C005F8C02 /* Main.storyboard */; };
		E2FED995232AAC7C005F8C02 /* Assets.xcassets in Resources */ = {isa = PBXBuildFile; fileRef = E2FED994232AAC7C005F8C02 /* Assets.xcassets */; };
		E2FED998232AAC7C005F8C02 /* LaunchScreen.storyboard in Resources */ = {isa = PBXBuildFile; fileRef = E2FED996232AAC7C005F8C02 /* LaunchScreen.storyboard */; };
		E2FED9A3232AAC7C005F8C02 /* GitUseExampleTests.swift in Sources */ = {isa = PBXBuildFile; fileRef = E2FED9A2232AAC7C005F8C02 /* GitUseExampleTests.swift */; };
		E2FED9AE232AAC7C005F8C02 /* GitUseExampleUITests.swift in Sources */ = {isa = PBXBuildFile; fileRef = E2FED9AD232AAC7C005F8C02 /* GitUseExampleUITests.swift */; };
		E2FED9BC232AB03D005F8C02 /* MapForItinerary.swift in Sources */ = {isa = PBXBuildFile; fileRef = E2FED9BB232AB03D005F8C02 /* MapForItinerary.swift */; };
/* End PBXBuildFile section */

/* Begin PBXContainerItemProxy section */
		E2FED99F232AAC7C005F8C02 /* PBXContainerItemProxy */ = {
			isa = PBXContainerItemProxy;
			containerPortal = E2FED982232AAC7C005F8C02 /* Project object */;
			proxyType = 1;
			remoteGlobalIDString = E2FED989232AAC7C005F8C02;
			remoteInfo = GitUseExample;
		};
		E2FED9AA232AAC7C005F8C02 /* PBXContainerItemProxy */ = {
			isa = PBXContainerItemProxy;
			containerPortal = E2FED982232AAC7C005F8C02 /* Project object */;
			proxyType = 1;
			remoteGlobalIDString = E2FED989232AAC7C005F8C02;
			remoteInfo = GitUseExample;
		};
/* End PBXContainerItemProxy section */

/* Begin PBXFileReference section */
		E2FED98A232AAC7C005F8C02 /* GitUseExample.app */ = {isa = PBXFileReference; explicitFileType = wrapper.application; includeInIndex = 0; path = GitUseExample.app; sourceTree = BUILT_PRODUCTS_DIR; };
		E2FED98D232AAC7C005F8C02 /* AppDelegate.swift */ = {isa = PBXFileReference; lastKnownFileType = sourcecode.swift; path = AppDelegate.swift; sourceTree = "<group>"; };
		E2FED98F232AAC7C005F8C02 /* ViewController.swift */ = {isa = PBXFileReference; lastKnownFileType = sourcecode.swift; path = ViewController.swift; sourceTree = "<group>"; };
		E2FED992232AAC7C005F8C02 /* Base */ = {isa = PBXFileReference; lastKnownFileType = file.storyboard; name = Base; path = Base.lproj/Main.storyboard; sourceTree = "<group>"; };
		E2FED994232AAC7C005F8C02 /* Assets.xcassets */ = {isa = PBXFileReference; lastKnownFileType = folder.assetcatalog; path = Assets.xcassets; sourceTree = "<group>"; };
		E2FED997232AAC7C005F8C02 /* Base */ = {isa = PBXFileReference; lastKnownFileType = file.storyboard; name = Base; path = Base.lproj/LaunchScreen.storyboard; sourceTree = "<group>"; };
		E2FED999232AAC7C005F8C02 /* Info.plist */ = {isa = PBXFileReference; lastKnownFileType = text.plist.xml; path = Info.plist; sourceTree = "<group>"; };
		E2FED99E232AAC7C005F8C02 /* GitUseExampleTests.xctest */ = {isa = PBXFileReference; explicitFileType = wrapper.cfbundle; includeInIndex = 0; path = GitUseExampleTests.xctest; sourceTree = BUILT_PRODUCTS_DIR; };
		E2FED9A2232AAC7C005F8C02 /* GitUseExampleTests.swift */ = {isa = PBXFileReference; lastKnownFileType = sourcecode.swift; path = GitUseExampleTests.swift; sourceTree = "<group>"; };
		E2FED9A4232AAC7C005F8C02 /* Info.plist */ = {isa = PBXFileReference; lastKnownFileType = text.plist.xml; path = Info.plist; sourceTree = "<group>"; };
		E2FED9A9232AAC7C005F8C02 /* GitUseExampleUITests.xctest */ = {isa = PBXFileReference; explicitFileType = wrapper.cfbundle; includeInIndex = 0; path = GitUseExampleUITests.xctest; sourceTree = BUILT_PRODUCTS_DIR; };
		E2FED9AD232AAC7C005F8C02 /* GitUseExampleUITests.swift */ = {isa = PBXFileReference; lastKnownFileType = sourcecode.swift; path = GitUseExampleUITests.swift; sourceTree = "<group>"; };
		E2FED9AF232AAC7C005F8C02 /* Info.plist */ = {isa = PBXFileReference; lastKnownFileType = text.plist.xml; path = Info.plist; sourceTree = "<group>"; };
		E2FED9BB232AB03D005F8C02 /* MapForItinerary.swift */ = {isa = PBXFileReference; lastKnownFileType = sourcecode.swift; path = MapForItinerary.swift; sourceTree = "<group>"; };
/* End PBXFileReference section */

/* Begin PBXFrameworksBuildPhase section */
		E2FED987232AAC7C005F8C02 /* Frameworks */ = {
			isa = PBXFrameworksBuildPhase;
			buildActionMask = 2147483647;
			files = (
			);
			runOnlyForDeploymentPostprocessing = 0;
		};
		E2FED99B232AAC7C005F8C02 /* Frameworks */ = {
			isa = PBXFrameworksBuildPhase;
			buildActionMask = 2147483647;
			files = (
			);
			runOnlyForDeploymentPostprocessing = 0;
		};
		E2FED9A6232AAC7C005F8C02 /* Frameworks */ = {
			isa = PBXFrameworksBuildPhase;
			buildActionMask = 2147483647;
			files = (
			);
			runOnlyForDeploymentPostprocessing = 0;
		};
/* End PBXFrameworksBuildPhase section */

/* Begin PBXGroup section */
		E2FED981232AAC7C005F8C02 = {
			isa = PBXGroup;
			children = (
				E2FED98C232AAC7C005F8C02 /* GitUseExample */,
				E2FED9A1232AAC7C005F8C02 /* GitUseExampleTests */,
				E2FED9AC232AAC7C005F8C02 /* GitUseExampleUITests */,
				E2FED98B232AAC7C005F8C02 /* Products */,
			);
			sourceTree = "<group>";
		};
		E2FED98B232AAC7C005F8C02 /* Products */ = {
			isa = PBXGroup;
			children = (
				E2FED98A232AAC7C005F8C02 /* GitUseExample.app */,
				E2FED99E232AAC7C005F8C02 /* GitUseExampleTests.xctest */,
				E2FED9A9232AAC7C005F8C02 /* GitUseExampleUITests.xctest */,
			);
			name = Products;
			sourceTree = "<group>";
		};
		E2FED98C232AAC7C005F8C02 /* GitUseExample */ = {
			isa = PBXGroup;
			children = (
				E2FED98D232AAC7C005F8C02 /* AppDelegate.swift */,
				E2FED98F232AAC7C005F8C02 /* ViewController.swift */,
				E2FED991232AAC7C005F8C02 /* Main.storyboard */,
				E2FED994232AAC7C005F8C02 /* Assets.xcassets */,
				E2FED996232AAC7C005F8C02 /* LaunchScreen.storyboard */,
				E2FED999232AAC7C005F8C02 /* Info.plist */,
				E2FED9BB232AB03D005F8C02 /* MapForItinerary.swift */,
			);
			path = GitUseExample;
			sourceTree = "<group>";
		};
		E2FED9A1232AAC7C005F8C02 /* GitUseExampleTests */ = {
			isa = PBXGroup;
			children = (
				E2FED9A2232AAC7C005F8C02 /* GitUseExampleTests.swift */,
				E2FED9A4232AAC7C005F8C02 /* Info.plist */,
			);
			path = GitUseExampleTests;
			sourceTree = "<group>";
		};
		E2FED9AC232AAC7C005F8C02 /* GitUseExampleUITests */ = {
			isa = PBXGroup;
			children = (
				E2FED9AD232AAC7C005F8C02 /* GitUseExampleUITests.swift */,
				E2FED9AF232AAC7C005F8C02 /* Info.plist */,
			);
			path = GitUseExampleUITests;
			sourceTree = "<group>";
		};
/* End PBXGroup section */

/* Begin PBXNativeTarget section */
		E2FED989232AAC7C005F8C02 /* GitUseExample */ = {
			isa = PBXNativeTarget;
			buildConfigurationList = E2FED9B2232AAC7C005F8C02 /* Build configuration list for PBXNativeTarget "GitUseExample" */;
			buildPhases = (
				E2FED986232AAC7C005F8C02 /* Sources */,
				E2FED987232AAC7C005F8C02 /* Frameworks */,
				E2FED988232AAC7C005F8C02 /* Resources */,
			);
			buildRules = (
			);
			dependencies = (
			);
			name = GitUseExample;
			productName = GitUseExample;
			productReference = E2FED98A232AAC7C005F8C02 /* GitUseExample.app */;
			productType = "com.apple.product-type.application";
		};
		E2FED99D232AAC7C005F8C02 /* GitUseExampleTests */ = {
			isa = PBXNativeTarget;
			buildConfigurationList = E2FED9B5232AAC7C005F8C02 /* Build configuration list for PBXNativeTarget "GitUseExampleTests" */;
			buildPhases = (
				E2FED99A232AAC7C005F8C02 /* Sources */,
				E2FED99B232AAC7C005F8C02 /* Frameworks */,
				E2FED99C232AAC7C005F8C02 /* Resources */,
			);
			buildRules = (
			);
			dependencies = (
				E2FED9A0232AAC7C005F8C02 /* PBXTargetDependency */,
			);
			name = GitUseExampleTests;
			productName = GitUseExampleTests;
			productReference = E2FED99E232AAC7C005F8C02 /* GitUseExampleTests.xctest */;
			productType = "com.apple.product-type.bundle.unit-test";
		};
		E2FED9A8232AAC7C005F8C02 /* GitUseExampleUITests */ = {
			isa = PBXNativeTarget;
			buildConfigurationList = E2FED9B8232AAC7C005F8C02 /* Build configuration list for PBXNativeTarget "GitUseExampleUITests" */;
			buildPhases = (
				E2FED9A5232AAC7C005F8C02 /* Sources */,
				E2FED9A6232AAC7C005F8C02 /* Frameworks */,
				E2FED9A7232AAC7C005F8C02 /* Resources */,
			);
			buildRules = (
			);
			dependencies = (
				E2FED9AB232AAC7C005F8C02 /* PBXTargetDependency */,
			);
			name = GitUseExampleUITests;
			productName = GitUseExampleUITests;
			productReference = E2FED9A9232AAC7C005F8C02 /* GitUseExampleUITests.xctest */;
			productType = "com.apple.product-type.bundle.ui-testing";
		};
/* End PBXNativeTarget section */

/* Begin PBXProject section */
		E2FED982232AAC7C005F8C02 /* Project object */ = {
			isa = PBXProject;
			attributes = {
				LastSwiftUpdateCheck = 1030;
				LastUpgradeCheck = 1030;
				ORGANIZATIONNAME = "Austin Herman";
				TargetAttributes = {
					E2FED989232AAC7C005F8C02 = {
						CreatedOnToolsVersion = 10.3;
					};
					E2FED99D232AAC7C005F8C02 = {
						CreatedOnToolsVersion = 10.3;
						TestTargetID = E2FED989232AAC7C005F8C02;
					};
					E2FED9A8232AAC7C005F8C02 = {
						CreatedOnToolsVersion = 10.3;
						TestTargetID = E2FED989232AAC7C005F8C02;
					};
				};
			};
			buildConfigurationList = E2FED985232AAC7C005F8C02 /* Build configuration list for PBXProject "GitUseExample" */;
			compatibilityVersion = "Xcode 9.3";
			developmentRegion = en;
			hasScannedForEncodings = 0;
			knownRegions = (
				en,
				Base,
			);
			mainGroup = E2FED981232AAC7C005F8C02;
			productRefGroup = E2FED98B232AAC7C005F8C02 /* Products */;
			projectDirPath = "";
			projectRoot = "";
			targets = (
				E2FED989232AAC7C005F8C02 /* GitUseExample */,
				E2FED99D232AAC7C005F8C02 /* GitUseExampleTests */,
				E2FED9A8232AAC7C005F8C02 /* GitUseExampleUITests */,
			);
		};
/* End PBXProject section */

/* Begin PBXResourcesBuildPhase section */
		E2FED988232AAC7C005F8C02 /* Resources */ = {
			isa = PBXResourcesBuildPhase;
			buildActionMask = 2147483647;
			files = (
				E2FED998232AAC7C005F8C02 /* LaunchScreen.storyboard in Resources */,
				E2FED995232AAC7C005F8C02 /* Assets.xcassets in Resources */,
				E2FED993232AAC7C005F8C02 /* Main.storyboard in Resources */,
			);
			runOnlyForDeploymentPostprocessing = 0;
		};
		E2FED99C232AAC7C005F8C02 /* Resources */ = {
			isa = PBXResourcesBuildPhase;
			buildActionMask = 2147483647;
			files = (
			);
			runOnlyForDeploymentPostprocessing = 0;
		};
		E2FED9A7232AAC7C005F8C02 /* Resources */ = {
			isa = PBXResourcesBuildPhase;
			buildActionMask = 2147483647;
			files = (
			);
			runOnlyForDeploymentPostprocessing = 0;
		};
/* End PBXResourcesBuildPhase section */

/* Begin PBXSourcesBuildPhase section */
		E2FED986232AAC7C005F8C02 /* Sources */ = {
			isa = PBXSourcesBuildPhase;
			buildActionMask = 2147483647;
			files = (
				E2FED990232AAC7C005F8C02 /* ViewController.swift in Sources */,
				E2FED98E232AAC7C005F8C02 /* AppDelegate.swift in Sources */,
				E2FED9BC232AB03D005F8C02 /* MapForItinerary.swift in Sources */,
			);
			runOnlyForDeploymentPostprocessing = 0;
		};
		E2FED99A232AAC7C005F8C02 /* Sources */ = {
			isa = PBXSourcesBuildPhase;
			buildActionMask = 2147483647;
			files = (
				E2FED9A3232AAC7C005F8C02 /* GitUseExampleTests.swift in Sources */,
			);
			runOnlyForDeploymentPostprocessing = 0;
		};
		E2FED9A5232AAC7C005F8C02 /* Sources */ = {
			isa = PBXSourcesBuildPhase;
			buildActionMask = 2147483647;
			files = (
				E2FED9AE232AAC7C005F8C02 /* GitUseExampleUITests.swift in Sources */,
			);
			runOnlyForDeploymentPostprocessing = 0;
		};
/* End PBXSourcesBuildPhase section */

/* Begin PBXTargetDependency section */
		E2FED9A0232AAC7C005F8C02 /* PBXTargetDependency */ = {
			isa = PBXTargetDependency;
			target = E2FED989232AAC7C005F8C02 /* GitUseExample */;
			targetProxy = E2FED99F232AAC7C005F8C02 /* PBXContainerItemProxy */;
		};
		E2FED9AB232AAC7C005F8C02 /* PBXTargetDependency */ = {
			isa = PBXTargetDependency;
			target = E2FED989232AAC7C005F8C02 /* GitUseExample */;
			targetProxy = E2FED9AA232AAC7C005F8C02 /* PBXContainerItemProxy */;
		};
/* End PBXTargetDependency section */

/* Begin PBXVariantGroup section */
		E2FED991232AAC7C005F8C02 /* Main.storyboard */ = {
			isa = PBXVariantGroup;
			children = (
				E2FED992232AAC7C005F8C02 /* Base */,
			);
			name = Main.storyboard;
			sourceTree = "<group>";
		};
		E2FED996232AAC7C005F8C02 /* LaunchScreen.storyboard */ = {
			isa = PBXVariantGroup;
			children = (
				E2FED997232AAC7C005F8C02 /* Base */,
			);
			name = LaunchScreen.storyboard;
			sourceTree = "<group>";
		};
/* End PBXVariantGroup section */

/* Begin XCBuildConfiguration section */
		E2FED9B0232AAC7C005F8C02 /* Debug */ = {
			isa = XCBuildConfiguration;
			buildSettings = {
				ALWAYS_SEARCH_USER_PATHS = NO;
				CLANG_ANALYZER_NONNULL = YES;
				CLANG_ANALYZER_NUMBER_OBJECT_CONVERSION = YES_AGGRESSIVE;
				CLANG_CXX_LANGUAGE_STANDARD = "gnu++14";
				CLANG_CXX_LIBRARY = "libc++";
				CLANG_ENABLE_MODULES = YES;
				CLANG_ENABLE_OBJC_ARC = YES;
				CLANG_ENABLE_OBJC_WEAK = YES;
				CLANG_WARN_BLOCK_CAPTURE_AUTORELEASING = YES;
				CLANG_WARN_BOOL_CONVERSION = YES;
				CLANG_WARN_COMMA = YES;
				CLANG_WARN_CONSTANT_CONVERSION = YES;
				CLANG_WARN_DEPRECATED_OBJC_IMPLEMENTATIONS = YES;
				CLANG_WARN_DIRECT_OBJC_ISA_USAGE = YES_ERROR;
				CLANG_WARN_DOCUMENTATION_COMMENTS = YES;
				CLANG_WARN_EMPTY_BODY = YES;
				CLANG_WARN_ENUM_CONVERSION = YES;
				CLANG_WARN_INFINITE_RECURSION = YES;
				CLANG_WARN_INT_CONVERSION = YES;
				CLANG_WARN_NON_LITERAL_NULL_CONVERSION = YES;
				CLANG_WARN_OBJC_IMPLICIT_RETAIN_SELF = YES;
				CLANG_WARN_OBJC_LITERAL_CONVERSION = YES;
				CLANG_WARN_OBJC_ROOT_CLASS = YES_ERROR;
				CLANG_WARN_RANGE_LOOP_ANALYSIS = YES;
				CLANG_WARN_STRICT_PROTOTYPES = YES;
				CLANG_WARN_SUSPICIOUS_MOVE = YES;
				CLANG_WARN_UNGUARDED_AVAILABILITY = YES_AGGRESSIVE;
				CLANG_WARN_UNREACHABLE_CODE = YES;
				CLANG_WARN__DUPLICATE_METHOD_MATCH = YES;
				CODE_SIGN_IDENTITY = "iPhone Developer";
				COPY_PHASE_STRIP = NO;
				DEBUG_INFORMATION_FORMAT = dwarf;
				ENABLE_STRICT_OBJC_MSGSEND = YES;
				ENABLE_TESTABILITY = YES;
				GCC_C_LANGUAGE_STANDARD = gnu11;
				GCC_DYNAMIC_NO_PIC = NO;
				GCC_NO_COMMON_BLOCKS = YES;
				GCC_OPTIMIZATION_LEVEL = 0;
				GCC_PREPROCESSOR_DEFINITIONS = (
					"DEBUG=1",
					"$(inherited)",
				);
				GCC_WARN_64_TO_32_BIT_CONVERSION = YES;
				GCC_WARN_ABOUT_RETURN_TYPE = YES_ERROR;
				GCC_WARN_UNDECLARED_SELECTOR = YES;
				GCC_WARN_UNINITIALIZED_AUTOS = YES_AGGRESSIVE;
				GCC_WARN_UNUSED_FUNCTION = YES;
				GCC_WARN_UNUSED_VARIABLE = YES;
				IPHONEOS_DEPLOYMENT_TARGET = 12.4;
				MTL_ENABLE_DEBUG_INFO = INCLUDE_SOURCE;
				MTL_FAST_MATH = YES;
				ONLY_ACTIVE_ARCH = YES;
				SDKROOT = iphoneos;
				SWIFT_ACTIVE_COMPILATION_CONDITIONS = DEBUG;
				SWIFT_OPTIMIZATION_LEVEL = "-Onone";
			};
			name = Debug;
		};
		E2FED9B1232AAC7C005F8C02 /* Release */ = {
			isa = XCBuildConfiguration;
			buildSettings = {
				ALWAYS_SEARCH_USER_PATHS = NO;
				CLANG_ANALYZER_NONNULL = YES;
				CLANG_ANALYZER_NUMBER_OBJECT_CONVERSION = YES_AGGRESSIVE;
				CLANG_CXX_LANGUAGE_STANDARD = "gnu++14";
				CLANG_CXX_LIBRARY = "libc++";
				CLANG_ENABLE_MODULES = YES;
				CLANG_ENABLE_OBJC_ARC = YES;
				CLANG_ENABLE_OBJC_WEAK = YES;
				CLANG_WARN_BLOCK_CAPTURE_AUTORELEASING = YES;
				CLANG_WARN_BOOL_CONVERSION = YES;
				CLANG_WARN_COMMA = YES;
				CLANG_WARN_CONSTANT_CONVERSION = YES;
				CLANG_WARN_DEPRECATED_OBJC_IMPLEMENTATIONS = YES;
				CLANG_WARN_DIRECT_OBJC_ISA_USAGE = YES_ERROR;
				CLANG_WARN_DOCUMENTATION_COMMENTS = YES;
				CLANG_WARN_EMPTY_BODY = YES;
				CLANG_WARN_ENUM_CONVERSION = YES;
				CLANG_WARN_INFINITE_RECURSION = YES;
				CLANG_WARN_INT_CONVERSION = YES;
				CLANG_WARN_NON_LITERAL_NULL_CONVERSION = YES;
				CLANG_WARN_OBJC_IMPLICIT_RETAIN_SELF = YES;
				CLANG_WARN_OBJC_LITERAL_CONVERSION = YES;
				CLANG_WARN_OBJC_ROOT_CLASS = YES_ERROR;
				CLANG_WARN_RANGE_LOOP_ANALYSIS = YES;
				CLANG_WARN_STRICT_PROTOTYPES = YES;
				CLANG_WARN_SUSPICIOUS_MOVE = YES;
				CLANG_WARN_UNGUARDED_AVAILABILITY = YES_AGGRESSIVE;
				CLANG_WARN_UNREACHABLE_CODE = YES;
				CLANG_WARN__DUPLICATE_METHOD_MATCH = YES;
				CODE_SIGN_IDENTITY = "iPhone Developer";
				COPY_PHASE_STRIP = NO;
				DEBUG_INFORMATION_FORMAT = "dwarf-with-dsym";
				ENABLE_NS_ASSERTIONS = NO;
				ENABLE_STRICT_OBJC_MSGSEND = YES;
				GCC_C_LANGUAGE_STANDARD = gnu11;
				GCC_NO_COMMON_BLOCKS = YES;
				GCC_WARN_64_TO_32_BIT_CONVERSION = YES;
				GCC_WARN_ABOUT_RETURN_TYPE = YES_ERROR;
				GCC_WARN_UNDECLARED_SELECTOR = YES;
				GCC_WARN_UNINITIALIZED_AUTOS = YES_AGGRESSIVE;
				GCC_WARN_UNUSED_FUNCTION = YES;
				GCC_WARN_UNUSED_VARIABLE = YES;
				IPHONEOS_DEPLOYMENT_TARGET = 12.4;
				MTL_ENABLE_DEBUG_INFO = NO;
				MTL_FAST_MATH = YES;
				SDKROOT = iphoneos;
				SWIFT_COMPILATION_MODE = wholemodule;
				SWIFT_OPTIMIZATION_LEVEL = "-O";
				VALIDATE_PRODUCT = YES;
			};
			name = Release;
		};
		E2FED9B3232AAC7C005F8C02 /* Debug */ = {
			isa = XCBuildConfiguration;
			buildSettings = {
				ASSETCATALOG_COMPILER_APPICON_NAME = AppIcon;
				CODE_SIGN_STYLE = Automatic;
				INFOPLIST_FILE = GitUseExample/Info.plist;
				LD_RUNPATH_SEARCH_PATHS = (
					"$(inherited)",
					"@executable_path/Frameworks",
				);
				PRODUCT_BUNDLE_IDENTIFIER = uky.cs485.GitUseExample;
				PRODUCT_NAME = "$(TARGET_NAME)";
				SWIFT_VERSION = 5.0;
				TARGETED_DEVICE_FAMILY = "1,2";
			};
			name = Debug;
		};
		E2FED9B4232AAC7C005F8C02 /* Release */ = {
			isa = XCBuildConfiguration;
			buildSettings = {
				ASSETCATALOG_COMPILER_APPICON_NAME = AppIcon;
				CODE_SIGN_STYLE = Automatic;
				INFOPLIST_FILE = GitUseExample/Info.plist;
				LD_RUNPATH_SEARCH_PATHS = (
					"$(inherited)",
					"@executable_path/Frameworks",
				);
				PRODUCT_BUNDLE_IDENTIFIER = uky.cs485.GitUseExample;
				PRODUCT_NAME = "$(TARGET_NAME)";
				SWIFT_VERSION = 5.0;
				TARGETED_DEVICE_FAMILY = "1,2";
			};
			name = Release;
		};
		E2FED9B6232AAC7C005F8C02 /* Debug */ = {
			isa = XCBuildConfiguration;
			buildSettings = {
				ALWAYS_EMBED_SWIFT_STANDARD_LIBRARIES = YES;
				BUNDLE_LOADER = "$(TEST_HOST)";
				CODE_SIGN_STYLE = Automatic;
				INFOPLIST_FILE = GitUseExampleTests/Info.plist;
				LD_RUNPATH_SEARCH_PATHS = (
					"$(inherited)",
					"@executable_path/Frameworks",
					"@loader_path/Frameworks",
				);
				PRODUCT_BUNDLE_IDENTIFIER = uky.cs485.GitUseExampleTests;
				PRODUCT_NAME = "$(TARGET_NAME)";
				SWIFT_VERSION = 5.0;
				TARGETED_DEVICE_FAMILY = "1,2";
				TEST_HOST = "$(BUILT_PRODUCTS_DIR)/GitUseExample.app/GitUseExample";
			};
			name = Debug;
		};
		E2FED9B7232AAC7C005F8C02 /* Release */ = {
			isa = XCBuildConfiguration;
			buildSettings = {
				ALWAYS_EMBED_SWIFT_STANDARD_LIBRARIES = YES;
				BUNDLE_LOADER = "$(TEST_HOST)";
				CODE_SIGN_STYLE = Automatic;
				INFOPLIST_FILE = GitUseExampleTests/Info.plist;
				LD_RUNPATH_SEARCH_PATHS = (
					"$(inherited)",
					"@executable_path/Frameworks",
					"@loader_path/Frameworks",
				);
				PRODUCT_BUNDLE_IDENTIFIER = uky.cs485.GitUseExampleTests;
				PRODUCT_NAME = "$(TARGET_NAME)";
				SWIFT_VERSION = 5.0;
				TARGETED_DEVICE_FAMILY = "1,2";
				TEST_HOST = "$(BUILT_PRODUCTS_DIR)/GitUseExample.app/GitUseExample";
			};
			name = Release;
		};
		E2FED9B9232AAC7C005F8C02 /* Debug */ = {
			isa = XCBuildConfiguration;
			buildSettings = {
				ALWAYS_EMBED_SWIFT_STANDARD_LIBRARIES = YES;
				CODE_SIGN_STYLE = Automatic;
				INFOPLIST_FILE = GitUseExampleUITests/Info.plist;
				LD_RUNPATH_SEARCH_PATHS = (
					"$(inherited)",
					"@executable_path/Frameworks",
					"@loader_path/Frameworks",
				);
				PRODUCT_BUNDLE_IDENTIFIER = uky.cs485.GitUseExampleUITests;
				PRODUCT_NAME = "$(TARGET_NAME)";
				SWIFT_VERSION = 5.0;
				TARGETED_DEVICE_FAMILY = "1,2";
				TEST_TARGET_NAME = GitUseExample;
			};
			name = Debug;
		};
		E2FED9BA232AAC7C005F8C02 /* Release */ = {
			isa = XCBuildConfiguration;
			buildSettings = {
				ALWAYS_EMBED_SWIFT_STANDARD_LIBRARIES = YES;
				CODE_SIGN_STYLE = Automatic;
				INFOPLIST_FILE = GitUseExampleUITests/Info.plist;
				LD_RUNPATH_SEARCH_PATHS = (
					"$(inherited)",
					"@executable_path/Frameworks",
					"@loader_path/Frameworks",
				);
				PRODUCT_BUNDLE_IDENTIFIER = uky.cs485.GitUseExampleUITests;
				PRODUCT_NAME = "$(TARGET_NAME)";
				SWIFT_VERSION = 5.0;
				TARGETED_DEVICE_FAMILY = "1,2";
				TEST_TARGET_NAME = GitUseExample;
			};
			name = Release;
		};
/* End XCBuildConfiguration section */

/* Begin XCConfigurationList section */
		E2FED985232AAC7C005F8C02 /* Build configuration list for PBXProject "GitUseExample" */ = {
			isa = XCConfigurationList;
			buildConfigurations = (
				E2FED9B0232AAC7C005F8C02 /* Debug */,
				E2FED9B1232AAC7C005F8C02 /* Release */,
			);
			defaultConfigurationIsVisible = 0;
			defaultConfigurationName = Release;
		};
		E2FED9B2232AAC7C005F8C02 /* Build configuration list for PBXNativeTarget "GitUseExample" */ = {
			isa = XCConfigurationList;
			buildConfigurations = (
				E2FED9B3232AAC7C005F8C02 /* Debug */,
				E2FED9B4232AAC7C005F8C02 /* Release */,
			);
			defaultConfigurationIsVisible = 0;
			defaultConfigurationName = Release;
		};
		E2FED9B5232AAC7C005F8C02 /* Build configuration list for PBXNativeTarget "GitUseExampleTests" */ = {
			isa = XCConfigurationList;
			buildConfigurations = (
				E2FED9B6232AAC7C005F8C02 /* Debug */,
				E2FED9B7232AAC7C005F8C02 /* Release */,
			);
			defaultConfigurationIsVisible = 0;
			defaultConfigurationName = Release;
		};
		E2FED9B8232AAC7C005F8C02 /* Build configuration list for PBXNativeTarget "GitUseExampleUITests" */ = {
			isa = XCConfigurationList;
			buildConfigurations = (
				E2FED9B9232AAC7C005F8C02 /* Debug */,
				E2FED9BA232AAC7C005F8C02 /* Release */,
			);
			defaultConfigurationIsVisible = 0;
			defaultConfigurationName = Release;
		};
/* End XCConfigurationList section */
	};
	rootObject = E2FED982232AAC7C005F8C02 /* Project object */;
}
